// !$*UTF8*$!
{
	archiveVersion = 1;
	classes = {
	};
	objectVersion = 50;
	objects = {

/* Begin PBXBuildFile section */
		9029043E215381D3000814FC /* AppDelegate.swift in Sources */ = {isa = PBXBuildFile; fileRef = 9029043D215381D3000814FC /* AppDelegate.swift */; };
		90290440215381D3000814FC /* ViewController.swift in Sources */ = {isa = PBXBuildFile; fileRef = 9029043F215381D3000814FC /* ViewController.swift */; };
		90290443215381D3000814FC /* Main.storyboard in Resources */ = {isa = PBXBuildFile; fileRef = 90290441215381D3000814FC /* Main.storyboard */; };
		90290445215381D9000814FC /* Assets.xcassets in Resources */ = {isa = PBXBuildFile; fileRef = 90290444215381D9000814FC /* Assets.xcassets */; };
		90290448215381D9000814FC /* LaunchScreen.storyboard in Resources */ = {isa = PBXBuildFile; fileRef = 90290446215381D9000814FC /* LaunchScreen.storyboard */; };
		90290452215384C9000814FC /* TableView.swift in Sources */ = {isa = PBXBuildFile; fileRef = 90290451215384C9000814FC /* TableView.swift */; };
		9029045521538508000814FC /* TwitterTrendsViewCell.swift in Sources */ = {isa = PBXBuildFile; fileRef = 9029045421538508000814FC /* TwitterTrendsViewCell.swift */; };
		9029045721538591000814FC /* Constraints.swift in Sources */ = {isa = PBXBuildFile; fileRef = 9029045621538591000814FC /* Constraints.swift */; };
		9029045A215385C2000814FC /* MainView.swift in Sources */ = {isa = PBXBuildFile; fileRef = 90290459215385C2000814FC /* MainView.swift */; };
		9029045D215386FB000814FC /* Constants.swift in Sources */ = {isa = PBXBuildFile; fileRef = 9029045C215386FB000814FC /* Constants.swift */; };
/* End PBXBuildFile section */

/* Begin PBXFileReference section */
		9029043A215381D3000814FC /* TwitterTrends.app */ = {isa = PBXFileReference; explicitFileType = wrapper.application; includeInIndex = 0; path = TwitterTrends.app; sourceTree = BUILT_PRODUCTS_DIR; };
		9029043D215381D3000814FC /* AppDelegate.swift */ = {isa = PBXFileReference; lastKnownFileType = sourcecode.swift; path = AppDelegate.swift; sourceTree = "<group>"; };
		9029043F215381D3000814FC /* ViewController.swift */ = {isa = PBXFileReference; lastKnownFileType = sourcecode.swift; path = ViewController.swift; sourceTree = "<group>"; };
		90290442215381D3000814FC /* Base */ = {isa = PBXFileReference; lastKnownFileType = file.storyboard; name = Base; path = Base.lproj/Main.storyboard; sourceTree = "<group>"; };
		90290444215381D9000814FC /* Assets.xcassets */ = {isa = PBXFileReference; lastKnownFileType = folder.assetcatalog; path = Assets.xcassets; sourceTree = "<group>"; };
		90290447215381D9000814FC /* Base */ = {isa = PBXFileReference; lastKnownFileType = file.storyboard; name = Base; path = Base.lproj/LaunchScreen.storyboard; sourceTree = "<group>"; };
		90290449215381D9000814FC /* Info.plist */ = {isa = PBXFileReference; lastKnownFileType = text.plist.xml; path = Info.plist; sourceTree = "<group>"; };
		90290451215384C9000814FC /* TableView.swift */ = {isa = PBXFileReference; lastKnownFileType = sourcecode.swift; path = TableView.swift; sourceTree = "<group>"; };
		9029045421538508000814FC /* TwitterTrendsViewCell.swift */ = {isa = PBXFileReference; lastKnownFileType = sourcecode.swift; path = TwitterTrendsViewCell.swift; sourceTree = "<group>"; };
		9029045621538591000814FC /* Constraints.swift */ = {isa = PBXFileReference; lastKnownFileType = sourcecode.swift; path = Constraints.swift; sourceTree = "<group>"; };
		90290459215385C2000814FC /* MainView.swift */ = {isa = PBXFileReference; lastKnownFileType = sourcecode.swift; path = MainView.swift; sourceTree = "<group>"; };
		9029045C215386FB000814FC /* Constants.swift */ = {isa = PBXFileReference; lastKnownFileType = sourcecode.swift; path = Constants.swift; sourceTree = "<group>"; };
/* End PBXFileReference section */

/* Begin PBXFrameworksBuildPhase section */
		90290437215381D3000814FC /* Frameworks */ = {
			isa = PBXFrameworksBuildPhase;
			buildActionMask = 2147483647;
			files = (
			);
			runOnlyForDeploymentPostprocessing = 0;
		};
/* End PBXFrameworksBuildPhase section */

/* Begin PBXGroup section */
		90290431215381D3000814FC = {
			isa = PBXGroup;
			children = (
				9029043C215381D3000814FC /* TwitterTrends */,
				9029043B215381D3000814FC /* Products */,
			);
			sourceTree = "<group>";
		};
		9029043B215381D3000814FC /* Products */ = {
			isa = PBXGroup;
			children = (
				9029043A215381D3000814FC /* TwitterTrends.app */,
			);
			name = Products;
			sourceTree = "<group>";
		};
		9029043C215381D3000814FC /* TwitterTrends */ = {
			isa = PBXGroup;
			children = (
				9029043D215381D3000814FC /* AppDelegate.swift */,
				9029043F215381D3000814FC /* ViewController.swift */,
				90290453215384DF000814FC /* Views */,
				9029045821538595000814FC /* Extensions */,
				9029045B215386E1000814FC /* Constants */,
				90290441215381D3000814FC /* Main.storyboard */,
				90290444215381D9000814FC /* Assets.xcassets */,
				90290446215381D9000814FC /* LaunchScreen.storyboard */,
				90290449215381D9000814FC /* Info.plist */,
			);
			path = TwitterTrends;
			sourceTree = "<group>";
		};
		90290453215384DF000814FC /* Views */ = {
			isa = PBXGroup;
			children = (
				90290459215385C2000814FC /* MainView.swift */,
				90290451215384C9000814FC /* TableView.swift */,
				9029045421538508000814FC /* TwitterTrendsViewCell.swift */,
			);
			path = Views;
			sourceTree = "<group>";
		};
		9029045821538595000814FC /* Extensions */ = {
			isa = PBXGroup;
			children = (
				9029045621538591000814FC /* Constraints.swift */,
			);
			path = Extensions;
			sourceTree = "<group>";
		};
		9029045B215386E1000814FC /* Constants */ = {
			isa = PBXGroup;
			children = (
				9029045C215386FB000814FC /* Constants.swift */,
			);
			path = Constants;
			sourceTree = "<group>";
		};
/* End PBXGroup section */

/* Begin PBXNativeTarget section */
		90290439215381D3000814FC /* TwitterTrends */ = {
			isa = PBXNativeTarget;
			buildConfigurationList = 9029044C215381D9000814FC /* Build configuration list for PBXNativeTarget "TwitterTrends" */;
			buildPhases = (
				90290436215381D3000814FC /* Sources */,
				90290437215381D3000814FC /* Frameworks */,
				90290438215381D3000814FC /* Resources */,
			);
			buildRules = (
			);
			dependencies = (
			);
			name = TwitterTrends;
			productName = TwitterTrends;
			productReference = 9029043A215381D3000814FC /* TwitterTrends.app */;
			productType = "com.apple.product-type.application";
		};
/* End PBXNativeTarget section */

/* Begin PBXProject section */
		90290432215381D3000814FC /* Project object */ = {
			isa = PBXProject;
			attributes = {
				LastSwiftUpdateCheck = 0940;
				LastUpgradeCheck = 0940;
				ORGANIZATIONNAME = "Dan Henshaw";
				TargetAttributes = {
					90290439215381D3000814FC = {
						CreatedOnToolsVersion = 9.4.1;
					};
				};
			};
			buildConfigurationList = 90290435215381D3000814FC /* Build configuration list for PBXProject "TwitterTrends" */;
			compatibilityVersion = "Xcode 9.3";
			developmentRegion = en;
			hasScannedForEncodings = 0;
			knownRegions = (
				en,
				Base,
			);
			mainGroup = 90290431215381D3000814FC;
			productRefGroup = 9029043B215381D3000814FC /* Products */;
			projectDirPath = "";
			projectRoot = "";
			targets = (
				90290439215381D3000814FC /* TwitterTrends */,
			);
		};
/* End PBXProject section */

/* Begin PBXResourcesBuildPhase section */
		90290438215381D3000814FC /* Resources */ = {
			isa = PBXResourcesBuildPhase;
			buildActionMask = 2147483647;
			files = (
				90290448215381D9000814FC /* LaunchScreen.storyboard in Resources */,
				90290445215381D9000814FC /* Assets.xcassets in Resources */,
				90290443215381D3000814FC /* Main.storyboard in Resources */,
			);
			runOnlyForDeploymentPostprocessing = 0;
		};
/* End PBXResourcesBuildPhase section */

/* Begin PBXSourcesBuildPhase section */
		90290436215381D3000814FC /* Sources */ = {
			isa = PBXSourcesBuildPhase;
			buildActionMask = 2147483647;
			files = (
				90290440215381D3000814FC /* ViewController.swift in Sources */,
				9029045A215385C2000814FC /* MainView.swift in Sources */,
				90290452215384C9000814FC /* TableView.swift in Sources */,
				9029045521538508000814FC /* TwitterTrendsViewCell.swift in Sources */,
				9029045D215386FB000814FC /* Constants.swift in Sources */,
				9029043E215381D3000814FC /* AppDelegate.swift in Sources */,
				9029045721538591000814FC /* Constraints.swift in Sources */,
			);
			runOnlyForDeploymentPostprocessing = 0;
		};
/* End PBXSourcesBuildPhase section */

/* Begin PBXVariantGroup section */
		90290441215381D3000814FC /* Main.storyboard */ = {
			isa = PBXVariantGroup;
			children = (
				90290442215381D3000814FC /* Base */,
			);
			name = Main.storyboard;
			sourceTree = "<group>";
		};
		90290446215381D9000814FC /* LaunchScreen.storyboard */ = {
			isa = PBXVariantGroup;
			children = (
				90290447215381D9000814FC /* Base */,
			);
			name = LaunchScreen.storyboard;
			sourceTree = "<group>";
		};
/* End PBXVariantGroup section */

/* Begin XCBuildConfiguration section */
		9029044A215381D9000814FC /* Debug */ = {
			isa = XCBuildConfiguration;
			buildSettings = {
				ALWAYS_SEARCH_USER_PATHS = NO;
				CLANG_ANALYZER_NONNULL = YES;
				CLANG_ANALYZER_NUMBER_OBJECT_CONVERSION = YES_AGGRESSIVE;
				CLANG_CXX_LANGUAGE_STANDARD = "gnu++14";
				CLANG_CXX_LIBRARY = "libc++";
				CLANG_ENABLE_MODULES = YES;
				CLANG_ENABLE_OBJC_ARC = YES;
				CLANG_ENABLE_OBJC_WEAK = YES;
				CLANG_WARN_BLOCK_CAPTURE_AUTORELEASING = YES;
				CLANG_WARN_BOOL_CONVERSION = YES;
				CLANG_WARN_COMMA = YES;
				CLANG_WARN_CONSTANT_CONVERSION = YES;
				CLANG_WARN_DEPRECATED_OBJC_IMPLEMENTATIONS = YES;
				CLANG_WARN_DIRECT_OBJC_ISA_USAGE = YES_ERROR;
				CLANG_WARN_DOCUMENTATION_COMMENTS = YES;
				CLANG_WARN_EMPTY_BODY = YES;
				CLANG_WARN_ENUM_CONVERSION = YES;
				CLANG_WARN_INFINITE_RECURSION = YES;
				CLANG_WARN_INT_CONVERSION = YES;
				CLANG_WARN_NON_LITERAL_NULL_CONVERSION = YES;
				CLANG_WARN_OBJC_IMPLICIT_RETAIN_SELF = YES;
				CLANG_WARN_OBJC_LITERAL_CONVERSION = YES;
				CLANG_WARN_OBJC_ROOT_CLASS = YES_ERROR;
				CLANG_WARN_RANGE_LOOP_ANALYSIS = YES;
				CLANG_WARN_STRICT_PROTOTYPES = YES;
				CLANG_WARN_SUSPICIOUS_MOVE = YES;
				CLANG_WARN_UNGUARDED_AVAILABILITY = YES_AGGRESSIVE;
				CLANG_WARN_UNREACHABLE_CODE = YES;
				CLANG_WARN__DUPLICATE_METHOD_MATCH = YES;
				CODE_SIGN_IDENTITY = "iPhone Developer";
				COPY_PHASE_STRIP = NO;
				DEBUG_INFORMATION_FORMAT = dwarf;
				ENABLE_STRICT_OBJC_MSGSEND = YES;
				ENABLE_TESTABILITY = YES;
				GCC_C_LANGUAGE_STANDARD = gnu11;
				GCC_DYNAMIC_NO_PIC = NO;
				GCC_NO_COMMON_BLOCKS = YES;
				GCC_OPTIMIZATION_LEVEL = 0;
				GCC_PREPROCESSOR_DEFINITIONS = (
					"DEBUG=1",
					"$(inherited)",
				);
				GCC_WARN_64_TO_32_BIT_CONVERSION = YES;
				GCC_WARN_ABOUT_RETURN_TYPE = YES_ERROR;
				GCC_WARN_UNDECLARED_SELECTOR = YES;
				GCC_WARN_UNINITIALIZED_AUTOS = YES_AGGRESSIVE;
				GCC_WARN_UNUSED_FUNCTION = YES;
				GCC_WARN_UNUSED_VARIABLE = YES;
				IPHONEOS_DEPLOYMENT_TARGET = 11.4;
				MTL_ENABLE_DEBUG_INFO = YES;
				ONLY_ACTIVE_ARCH = YES;
				SDKROOT = iphoneos;
				SWIFT_ACTIVE_COMPILATION_CONDITIONS = DEBUG;
				SWIFT_OPTIMIZATION_LEVEL = "-Onone";
			};
			name = Debug;
		};
		9029044B215381D9000814FC /* Release */ = {
			isa = XCBuildConfiguration;
			buildSettings = {
				ALWAYS_SEARCH_USER_PATHS = NO;
				CLANG_ANALYZER_NONNULL = YES;
				CLANG_ANALYZER_NUMBER_OBJECT_CONVERSION = YES_AGGRESSIVE;
				CLANG_CXX_LANGUAGE_STANDARD = "gnu++14";
				CLANG_CXX_LIBRARY = "libc++";
				CLANG_ENABLE_MODULES = YES;
				CLANG_ENABLE_OBJC_ARC = YES;
				CLANG_ENABLE_OBJC_WEAK = YES;
				CLANG_WARN_BLOCK_CAPTURE_AUTORELEASING = YES;
				CLANG_WARN_BOOL_CONVERSION = YES;
				CLANG_WARN_COMMA = YES;
				CLANG_WARN_CONSTANT_CONVERSION = YES;
				CLANG_WARN_DEPRECATED_OBJC_IMPLEMENTATIONS = YES;
				CLANG_WARN_DIRECT_OBJC_ISA_USAGE = YES_ERROR;
				CLANG_WARN_DOCUMENTATION_COMMENTS = YES;
				CLANG_WARN_EMPTY_BODY = YES;
				CLANG_WARN_ENUM_CONVERSION = YES;
				CLANG_WARN_INFINITE_RECURSION = YES;
				CLANG_WARN_INT_CONVERSION = YES;
				CLANG_WARN_NON_LITERAL_NULL_CONVERSION = YES;
				CLANG_WARN_OBJC_IMPLICIT_RETAIN_SELF = YES;
				CLANG_WARN_OBJC_LITERAL_CONVERSION = YES;
				CLANG_WARN_OBJC_ROOT_CLASS = YES_ERROR;
				CLANG_WARN_RANGE_LOOP_ANALYSIS = YES;
				CLANG_WARN_STRICT_PROTOTYPES = YES;
				CLANG_WARN_SUSPICIOUS_MOVE = YES;
				CLANG_WARN_UNGUARDED_AVAILABILITY = YES_AGGRESSIVE;
				CLANG_WARN_UNREACHABLE_CODE = YES;
				CLANG_WARN__DUPLICATE_METHOD_MATCH = YES;
				CODE_SIGN_IDENTITY = "iPhone Developer";
				COPY_PHASE_STRIP = NO;
				DEBUG_INFORMATION_FORMAT = "dwarf-with-dsym";
				ENABLE_NS_ASSERTIONS = NO;
				ENABLE_STRICT_OBJC_MSGSEND = YES;
				GCC_C_LANGUAGE_STANDARD = gnu11;
				GCC_NO_COMMON_BLOCKS = YES;
				GCC_WARN_64_TO_32_BIT_CONVERSION = YES;
				GCC_WARN_ABOUT_RETURN_TYPE = YES_ERROR;
				GCC_WARN_UNDECLARED_SELECTOR = YES;
				GCC_WARN_UNINITIALIZED_AUTOS = YES_AGGRESSIVE;
				GCC_WARN_UNUSED_FUNCTION = YES;
				GCC_WARN_UNUSED_VARIABLE = YES;
				IPHONEOS_DEPLOYMENT_TARGET = 11.4;
				MTL_ENABLE_DEBUG_INFO = NO;
				SDKROOT = iphoneos;
				SWIFT_COMPILATION_MODE = wholemodule;
				SWIFT_OPTIMIZATION_LEVEL = "-O";
				VALIDATE_PRODUCT = YES;
			};
			name = Release;
		};
		9029044D215381D9000814FC /* Debug */ = {
			isa = XCBuildConfiguration;
			buildSettings = {
				ASSETCATALOG_COMPILER_APPICON_NAME = AppIcon;
				CODE_SIGN_STYLE = Automatic;
				INFOPLIST_FILE = TwitterTrends/Info.plist;
				LD_RUNPATH_SEARCH_PATHS = (
					"$(inherited)",
					"@executable_path/Frameworks",
				);
				PRODUCT_BUNDLE_IDENTIFIER = MEGA.TwitterTrends;
				PRODUCT_NAME = "$(TARGET_NAME)";
				SWIFT_VERSION = 4.0;
				TARGETED_DEVICE_FAMILY = "1,2";
			};
			name = Debug;
		};
		9029044E215381D9000814FC /* Release */ = {
			isa = XCBuildConfiguration;
			buildSettings = {
				ASSETCATALOG_COMPILER_APPICON_NAME = AppIcon;
				CODE_SIGN_STYLE = Automatic;
				INFOPLIST_FILE = TwitterTrends/Info.plist;
				LD_RUNPATH_SEARCH_PATHS = (
					"$(inherited)",
					"@executable_path/Frameworks",
				);
				PRODUCT_BUNDLE_IDENTIFIER = MEGA.TwitterTrends;
				PRODUCT_NAME = "$(TARGET_NAME)";
				SWIFT_VERSION = 4.0;
				TARGETED_DEVICE_FAMILY = "1,2";
			};
			name = Release;
		};
/* End XCBuildConfiguration section */

/* Begin XCConfigurationList section */
		90290435215381D3000814FC /* Build configuration list for PBXProject "TwitterTrends" */ = {
			isa = XCConfigurationList;
			buildConfigurations = (
				9029044A215381D9000814FC /* Debug */,
				9029044B215381D9000814FC /* Release */,
			);
			defaultConfigurationIsVisible = 0;
			defaultConfigurationName = Release;
		};
		9029044C215381D9000814FC /* Build configuration list for PBXNativeTarget "TwitterTrends" */ = {
			isa = XCConfigurationList;
			buildConfigurations = (
				9029044D215381D9000814FC /* Debug */,
				9029044E215381D9000814FC /* Release */,
			);
			defaultConfigurationIsVisible = 0;
			defaultConfigurationName = Release;
		};
/* End XCConfigurationList section */
	};
	rootObject = 90290432215381D3000814FC /* Project object */;
}
